
Microsoft Visual Studio Solution File, Format Version 12.00
# Visual Studio Version 17
VisualStudioVersion = 17.9.34701.34
MinimumVisualStudioVersion = 10.0.40219.1
Project("{FAE04EC0-301F-11D3-BF4B-00C04F79EFBC}") = "UMS_TA", "UMS_TA\UMS_TA.csproj", "{4463C2DB-358D-4B1E-90D4-870C36CDA130}"
EndProject
Project("{FAE04EC0-301F-11D3-BF4B-00C04F79EFBC}") = "BLL", "BLL\BLL.csproj", "{6F481B03-879A-450E-AFA3-C079B667CA42}"
EndProject
Project("{FAE04EC0-301F-11D3-BF4B-00C04F79EFBC}") = "DAL", "DAL\DAL.csproj", "{46E09CAF-C17E-4125-8F7E-2E85ADD04F6D}"
EndProject
Global
	GlobalSection(SolutionConfigurationPlatforms) = preSolution
		Debug|Any CPU = Debug|Any CPU
		Release|Any CPU = Release|Any CPU
	EndGlobalSection
	GlobalSection(ProjectConfigurationPlatforms) = postSolution
		{4463C2DB-358D-4B1E-90D4-870C36CDA130}.Debug|Any CPU.ActiveCfg = Debug|Any CPU
		{4463C2DB-358D-4B1E-90D4-870C36CDA130}.Debug|Any CPU.Build.0 = Debug|Any CPU
		{4463C2DB-358D-4B1E-90D4-870C36CDA130}.Release|Any CPU.ActiveCfg = Release|Any CPU
		{4463C2DB-358D-4B1E-90D4-870C36CDA130}.Release|Any CPU.Build.0 = Release|Any CPU
		{6F481B03-879A-450E-AFA3-C079B667CA42}.Debug|Any CPU.ActiveCfg = Debug|Any CPU
		{6F481B03-879A-450E-AFA3-C079B667CA42}.Debug|Any CPU.Build.0 = Debug|Any CPU
		{6F481B03-879A-450E-AFA3-C079B667CA42}.Release|Any CPU.ActiveCfg = Release|Any CPU
		{6F481B03-879A-450E-AFA3-C079B667CA42}.Release|Any CPU.Build.0 = Release|Any CPU
		{46E09CAF-C17E-4125-8F7E-2E85ADD04F6D}.Debug|Any CPU.ActiveCfg = Debug|Any CPU
		{46E09CAF-C17E-4125-8F7E-2E85ADD04F6D}.Debug|Any CPU.Build.0 = Debug|Any CPU
		{46E09CAF-C17E-4125-8F7E-2E85ADD04F6D}.Release|Any CPU.ActiveCfg = Release|Any CPU
		{46E09CAF-C17E-4125-8F7E-2E85ADD04F6D}.Release|Any CPU.Build.0 = Release|Any CPU
	EndGlobalSection
	GlobalSection(SolutionProperties) = preSolution
		HideSolutionNode = FALSE
	EndGlobalSection
	GlobalSection(ExtensibilityGlobals) = postSolution
		SolutionGuid = {CF9707C7-A6E5-4C30-B71E-329F6BA17D0E}
	EndGlobalSection
EndGlobal
